<?xml version="1.0" encoding="utf-8"?>
<Project ToolsVersion="4.0" xmlns="http://schemas.microsoft.com/developer/msbuild/2003">
  <ItemGroup>
    <Filter Include="소스 파일">
      <UniqueIdentifier>{aab7ad28-3b25-40e4-b551-2bd131ac0073}</UniqueIdentifier>
      <Extensions>cpp;c;cxx;def;odl;idl;hpj;bat;asm</Extensions>
    </Filter>
    <Filter Include="헤더 파일">
      <UniqueIdentifier>{61381dd7-250a-4bf5-b307-7f0451ab4d3d}</UniqueIdentifier>
      <Extensions>h;hpp;hxx;hm;inl;inc</Extensions>
    </Filter>
    <Filter Include="리소스 파일">
      <UniqueIdentifier>{b661c17c-abfd-45b5-bd6b-33393feaea21}</UniqueIdentifier>
      <Extensions>rc;ico;cur;bmp;dlg;rc2;rct;bin;rgs;jpg;jpeg;jpe;manifest</Extensions>
    </Filter>
  </ItemGroup>
  <ItemGroup>
    <ClCompile Include="CoolDialogBar.cpp">
      <Filter>소스 파일</Filter>
    </ClCompile>
    <ClCompile Include="dialog\CreateTerrainDlg.cpp">
      <Filter>소스 파일</Filter>
    </ClCompile>
    <ClCompile Include="DlgObjectEditor.cpp">
      <Filter>소스 파일</Filter>
    </ClCompile>
    <ClCompile Include="DlgTerrainEditor.cpp">
      <Filter>소스 파일</Filter>
    </ClCompile>
    <ClCompile Include="DlgTerrainModification.cpp">
      <Filter>소스 파일</Filter>
    </ClCompile>
    <ClCompile Include="DlgTerrainObject.cpp">
      <Filter>소스 파일</Filter>
    </ClCompile>
    <ClCompile Include="DlgTerrainTexture.cpp">
      <Filter>소스 파일</Filter>
    </ClCompile>
    <ClCompile Include="DlgbarObserver.cpp">
      <Filter>소스 파일</Filter>
    </ClCompile>
    <ClCompile Include="DlgbarTabmenu.cpp">
      <Filter>소스 파일</Filter>
    </ClCompile>
    <ClCompile Include="MainFrm.cpp">
      <Filter>소스 파일</Filter>
    </ClCompile>
    <ClCompile Include="SubDialog.cpp">
      <Filter>소스 파일</Filter>
    </ClCompile>
    <ClCompile Include="TerrainEditArea.cpp">
      <Filter>소스 파일</Filter>
    </ClCompile>
    <ClCompile Include="TerrainEditingMng.cpp">
      <Filter>소스 파일</Filter>
    </ClCompile>
    <ClCompile Include="TerrainHeightWorker.cpp">
      <Filter>소스 파일</Filter>
    </ClCompile>
    <ClCompile Include="TerrainModEditArea.cpp">
      <Filter>소스 파일</Filter>
    </ClCompile>
    <ClCompile Include="TerrainObjectWorker.cpp">
      <Filter>소스 파일</Filter>
    </ClCompile>
    <ClCompile Include="TerrainTextureWorker.cpp">
      <Filter>소스 파일</Filter>
    </ClCompile>
    <ClCompile Include="TerrainWorker.cpp">
      <Filter>소스 파일</Filter>
    </ClCompile>
    <ClCompile Include="WGA2Button.cpp">
      <Filter>소스 파일</Filter>
    </ClCompile>
    <ClCompile Include="WGA2OutdoorsEditor.cpp">
      <Filter>소스 파일</Filter>
    </ClCompile>
    <ClCompile Include="WGA2OutdoorsEditorDoc.cpp">
      <Filter>소스 파일</Filter>
    </ClCompile>
    <ClCompile Include="WGA2OutdoorsEditorView.cpp">
      <Filter>소스 파일</Filter>
    </ClCompile>
    <ClCompile Include="stdafx.cpp">
      <Filter>소스 파일</Filter>
    </ClCompile>
  </ItemGroup>
  <ItemGroup>
    <ClInclude Include="CoolDialogBar.h">
      <Filter>헤더 파일</Filter>
    </ClInclude>
    <ClInclude Include="dialog\CreateTerrainDlg.h">
      <Filter>헤더 파일</Filter>
    </ClInclude>
    <ClInclude Include="DlgObjectEditor.h">
      <Filter>헤더 파일</Filter>
    </ClInclude>
    <ClInclude Include="DlgTerrainEditor.h">
      <Filter>헤더 파일</Filter>
    </ClInclude>
    <ClInclude Include="DlgTerrainModification.h">
      <Filter>헤더 파일</Filter>
    </ClInclude>
    <ClInclude Include="DlgTerrainObject.h">
      <Filter>헤더 파일</Filter>
    </ClInclude>
    <ClInclude Include="DlgTerrainTexture.h">
      <Filter>헤더 파일</Filter>
    </ClInclude>
    <ClInclude Include="DlgbarObserver.h">
      <Filter>헤더 파일</Filter>
    </ClInclude>
    <ClInclude Include="DlgbarTabmenu.h">
      <Filter>헤더 파일</Filter>
    </ClInclude>
    <ClInclude Include="MainFrm.h">
      <Filter>헤더 파일</Filter>
    </ClInclude>
    <ClInclude Include="Resource.h">
      <Filter>헤더 파일</Filter>
    </ClInclude>
    <ClInclude Include="SubDialog.h">
      <Filter>헤더 파일</Filter>
    </ClInclude>
    <ClInclude Include="TerrainEditArea.h">
      <Filter>헤더 파일</Filter>
    </ClInclude>
    <ClInclude Include="TerrainEditingMng.h">
      <Filter>헤더 파일</Filter>
    </ClInclude>
    <ClInclude Include="TerrainHeightWorker.h">
      <Filter>헤더 파일</Filter>
    </ClInclude>
    <ClInclude Include="TerrainModEditArea.h">
      <Filter>헤더 파일</Filter>
    </ClInclude>
    <ClInclude Include="TerrainObjectWorker.h">
      <Filter>헤더 파일</Filter>
    </ClInclude>
    <ClInclude Include="TerrainTextureWorker.h">
      <Filter>헤더 파일</Filter>
    </ClInclude>
    <ClInclude Include="TerrainWorker.h">
      <Filter>헤더 파일</Filter>
    </ClInclude>
    <ClInclude Include="WGA2Button.h">
      <Filter>헤더 파일</Filter>
    </ClInclude>
    <ClInclude Include="WGA2OutdoorsEditor.h">
      <Filter>헤더 파일</Filter>
    </ClInclude>
    <ClInclude Include="WGA2OutdoorsEditorDoc.h">
      <Filter>헤더 파일</Filter>
    </ClInclude>
    <ClInclude Include="WGA2OutdoorsEditorView.h">
      <Filter>헤더 파일</Filter>
    </ClInclude>
    <ClInclude Include="stdafx.h">
      <Filter>헤더 파일</Filter>
    </ClInclude>
  </ItemGroup>
  <ItemGroup>
    <Image Include="res\Toolbar.bmp">
      <Filter>리소스 파일</Filter>
    </Image>
    <Image Include="res\WGA2OutdoorsEditor.ico">
      <Filter>리소스 파일</Filter>
    </Image>
    <Image Include="res\WGA2OutdoorsEditorDoc.ico">
      <Filter>리소스 파일</Filter>
    </Image>
    <Image Include="res\bitmap1.bmp">
      <Filter>리소스 파일</Filter>
    </Image>
    <Image Include="res\bitmap2.bmp">
      <Filter>리소스 파일</Filter>
    </Image>
  </ItemGroup>
  <ItemGroup>
    <Manifest Include="res\WGA2OutdoorsEditor.manifest">
      <Filter>리소스 파일</Filter>
    </Manifest>
  </ItemGroup>
  <ItemGroup>
    <ResourceCompile Include="WGA2OutdoorsEditor.rc">
      <Filter>리소스 파일</Filter>
    </ResourceCompile>
  </ItemGroup>
  <ItemGroup>
    <None Include="res\WGA2OutdoorsEditor.rc2">
      <Filter>리소스 파일</Filter>
    </None>
  </ItemGroup>
  <ItemGroup>
    <Text Include="ReadMe.txt" />
  </ItemGroup>
</Project>