<?xml version="1.0" encoding="utf-8"?>
<Project ToolsVersion="4.0" xmlns="http://schemas.microsoft.com/developer/msbuild/2003">
  <ItemGroup>
    <Filter Include="소스 파일">
      <UniqueIdentifier>{df85f096-745d-4616-83c6-484bd885f904}</UniqueIdentifier>
      <Extensions>cpp;c;cxx;def;odl;idl;hpj;bat;asm</Extensions>
    </Filter>
    <Filter Include="헤더 파일">
      <UniqueIdentifier>{3a90d84c-243c-4fe6-95b7-2572f23ed389}</UniqueIdentifier>
      <Extensions>h;hpp;hxx;hm;inl;inc</Extensions>
    </Filter>
    <Filter Include="리소스 파일">
      <UniqueIdentifier>{03b239fc-98ea-43bd-8e2b-71411fa521da}</UniqueIdentifier>
      <Extensions>rc;ico;cur;bmp;dlg;rc2;rct;bin;rgs;gif;jpg;jpeg;jpe</Extensions>
    </Filter>
  </ItemGroup>
  <ItemGroup>
    <ClCompile Include="3dsParser.cpp">
      <Filter>소스 파일</Filter>
    </ClCompile>
    <ClCompile Include="AABB.cpp">
      <Filter>소스 파일</Filter>
    </ClCompile>
    <ClCompile Include="AseParser.cpp">
      <Filter>소스 파일</Filter>
    </ClCompile>
    <ClCompile Include="Camera.cpp">
      <Filter>소스 파일</Filter>
    </ClCompile>
    <ClCompile Include="CharacterManager.cpp">
      <Filter>소스 파일</Filter>
    </ClCompile>
    <ClCompile Include="D3DGraphics.cpp">
      <Filter>소스 파일</Filter>
    </ClCompile>
    <ClCompile Include="Dib.cpp">
      <Filter>소스 파일</Filter>
    </ClCompile>
    <ClCompile Include="DrawMesh.cpp">
      <Filter>소스 파일</Filter>
    </ClCompile>
    <ClCompile Include="Frustum.cpp">
      <Filter>소스 파일</Filter>
    </ClCompile>
    <ClCompile Include="GameWorldManager.cpp">
      <Filter>소스 파일</Filter>
    </ClCompile>
    <ClCompile Include="IntersectionTester.cpp">
      <Filter>소스 파일</Filter>
    </ClCompile>
    <ClCompile Include="LandscapeSceneManager.cpp">
      <Filter>소스 파일</Filter>
    </ClCompile>
    <ClCompile Include="MeshObj.cpp">
      <Filter>소스 파일</Filter>
    </ClCompile>
    <ClCompile Include="Model.cpp">
      <Filter>소스 파일</Filter>
    </ClCompile>
    <ClCompile Include="ModelManager.cpp">
      <Filter>소스 파일</Filter>
    </ClCompile>
    <ClCompile Include="Observer.cpp">
      <Filter>소스 파일</Filter>
    </ClCompile>
    <ClCompile Include="Occlusion.cpp">
      <Filter>소스 파일</Filter>
    </ClCompile>
    <ClCompile Include="Octree.cpp">
      <Filter>소스 파일</Filter>
    </ClCompile>
    <ClCompile Include="OctreePicker.cpp">
      <Filter>소스 파일</Filter>
    </ClCompile>
    <ClCompile Include="Parser.cpp">
      <Filter>소스 파일</Filter>
    </ClCompile>
    <ClCompile Include="ParserSelector.cpp">
      <Filter>소스 파일</Filter>
    </ClCompile>
    <ClCompile Include="Patch.cpp">
      <Filter>소스 파일</Filter>
    </ClCompile>
    <ClCompile Include="Picker.cpp">
      <Filter>소스 파일</Filter>
    </ClCompile>
    <ClCompile Include="Skybox.cpp">
      <Filter>소스 파일</Filter>
    </ClCompile>
    <ClCompile Include="Terrain.cpp">
      <Filter>소스 파일</Filter>
    </ClCompile>
    <ClCompile Include="Text.cpp">
      <Filter>소스 파일</Filter>
    </ClCompile>
    <ClCompile Include="TextureManager.cpp">
      <Filter>소스 파일</Filter>
    </ClCompile>
    <ClCompile Include="WGA2ode.cpp">
      <Filter>소스 파일</Filter>
    </ClCompile>
    <ClCompile Include="stdafx.cpp">
      <Filter>소스 파일</Filter>
    </ClCompile>
  </ItemGroup>
  <ItemGroup>
    <None Include="WGA2ode.def">
      <Filter>소스 파일</Filter>
    </None>
    <None Include="res\WGA2ode.rc2">
      <Filter>리소스 파일</Filter>
    </None>
  </ItemGroup>
  <ItemGroup>
    <ClInclude Include="3dsParser.h">
      <Filter>헤더 파일</Filter>
    </ClInclude>
    <ClInclude Include="AABB.h">
      <Filter>헤더 파일</Filter>
    </ClInclude>
    <ClInclude Include="Base\Array.h">
      <Filter>헤더 파일</Filter>
    </ClInclude>
    <ClInclude Include="AseParser.h">
      <Filter>헤더 파일</Filter>
    </ClInclude>
    <ClInclude Include="Camera.h">
      <Filter>헤더 파일</Filter>
    </ClInclude>
    <ClInclude Include="CharacterManager.h">
      <Filter>헤더 파일</Filter>
    </ClInclude>
    <ClInclude Include="D3DGraphics.h">
      <Filter>헤더 파일</Filter>
    </ClInclude>
    <ClInclude Include="Dib.h">
      <Filter>헤더 파일</Filter>
    </ClInclude>
    <ClInclude Include="DrawMesh.h">
      <Filter>헤더 파일</Filter>
    </ClInclude>
    <ClInclude Include="File\FileUtil.h">
      <Filter>헤더 파일</Filter>
    </ClInclude>
    <ClInclude Include="Frustum.h">
      <Filter>헤더 파일</Filter>
    </ClInclude>
    <ClInclude Include="GameWorldManager.h">
      <Filter>헤더 파일</Filter>
    </ClInclude>
    <ClInclude Include="IntersectionTester.h">
      <Filter>헤더 파일</Filter>
    </ClInclude>
    <ClInclude Include="LandscapeSceneManager.h">
      <Filter>헤더 파일</Filter>
    </ClInclude>
    <ClInclude Include="Math\MathUtil.h">
      <Filter>헤더 파일</Filter>
    </ClInclude>
    <ClInclude Include="MeshObj.h">
      <Filter>헤더 파일</Filter>
    </ClInclude>
    <ClInclude Include="Model.h">
      <Filter>헤더 파일</Filter>
    </ClInclude>
    <ClInclude Include="ModelManager.h">
      <Filter>헤더 파일</Filter>
    </ClInclude>
    <ClInclude Include="Observer.h">
      <Filter>헤더 파일</Filter>
    </ClInclude>
    <ClInclude Include="Occlusion.h">
      <Filter>헤더 파일</Filter>
    </ClInclude>
    <ClInclude Include="Octree.h">
      <Filter>헤더 파일</Filter>
    </ClInclude>
    <ClInclude Include="OctreePicker.h">
      <Filter>헤더 파일</Filter>
    </ClInclude>
    <ClInclude Include="Parser.h">
      <Filter>헤더 파일</Filter>
    </ClInclude>
    <ClInclude Include="ParserSelector.h">
      <Filter>헤더 파일</Filter>
    </ClInclude>
    <ClInclude Include="Patch.h">
      <Filter>헤더 파일</Filter>
    </ClInclude>
    <ClInclude Include="Picker.h">
      <Filter>헤더 파일</Filter>
    </ClInclude>
    <ClInclude Include="Resource.h">
      <Filter>헤더 파일</Filter>
    </ClInclude>
    <ClInclude Include="Singleton.h">
      <Filter>헤더 파일</Filter>
    </ClInclude>
    <ClInclude Include="Skybox.h">
      <Filter>헤더 파일</Filter>
    </ClInclude>
    <ClInclude Include="Terrain.h">
      <Filter>헤더 파일</Filter>
    </ClInclude>
    <ClInclude Include="Text.h">
      <Filter>헤더 파일</Filter>
    </ClInclude>
    <ClInclude Include="TextureManager.h">
      <Filter>헤더 파일</Filter>
    </ClInclude>
    <ClInclude Include="Base\Utility.h">
      <Filter>헤더 파일</Filter>
    </ClInclude>
    <ClInclude Include="common.h">
      <Filter>헤더 파일</Filter>
    </ClInclude>
    <ClInclude Include="misc.h">
      <Filter>헤더 파일</Filter>
    </ClInclude>
    <ClInclude Include="Base\sorts.h">
      <Filter>헤더 파일</Filter>
    </ClInclude>
    <ClInclude Include="stdafx.h">
      <Filter>헤더 파일</Filter>
    </ClInclude>
  </ItemGroup>
  <ItemGroup>
    <ResourceCompile Include="WGA2ode.rc">
      <Filter>리소스 파일</Filter>
    </ResourceCompile>
  </ItemGroup>
  <ItemGroup>
    <Text Include="ReadMe.txt" />
    <Text Include="Effects\fog.txt" />
  </ItemGroup>
</Project>